// !$*UTF8*$!
{
	archiveVersion = 1;
	classes = {
	};
	objectVersion = 46;
	objects = {

/* Begin PBXBuildFile section */
		E82686F318D1127D00971BC1 /* LCDIndividualsTableViewController.m in Sources */ = {isa = PBXBuildFile; fileRef = E82686F218D1127D00971BC1 /* LCDIndividualsTableViewController.m */; };
		E82936ED18CF9C1500A059A8 /* LCDHtvtCommunicator.m in Sources */ = {isa = PBXBuildFile; fileRef = E82936E818CF9C1500A059A8 /* LCDHtvtCommunicator.m */; };
		E82936EE18CF9C1500A059A8 /* LCDHtvtDataBuilder.m in Sources */ = {isa = PBXBuildFile; fileRef = E82936EA18CF9C1500A059A8 /* LCDHtvtDataBuilder.m */; };
		E82936EF18CF9C1500A059A8 /* LCDHtvtDataManager.m in Sources */ = {isa = PBXBuildFile; fileRef = E82936EC18CF9C1500A059A8 /* LCDHtvtDataManager.m */; };
		E82936F318CF9D0C00A059A8 /* LCDViewController.m in Sources */ = {isa = PBXBuildFile; fileRef = E82936F218CF9D0C00A059A8 /* LCDViewController.m */; };
		E82936F718CF9D1900A059A8 /* LCDAppDelegate.m in Sources */ = {isa = PBXBuildFile; fileRef = E82936F618CF9D1900A059A8 /* LCDAppDelegate.m */; };
		E8500CA718D21FD9005720CF /* LCDIndividualTableViewCell.m in Sources */ = {isa = PBXBuildFile; fileRef = E8500CA618D21FD9005720CF /* LCDIndividualTableViewCell.m */; };
		E8500CAA18D7983B005720CF /* LCDIndividualViewController.m in Sources */ = {isa = PBXBuildFile; fileRef = E8500CA918D7983B005720CF /* LCDIndividualViewController.m */; };
		E8500CAD18DB64BB005720CF /* LCDDistrictsTableViewController.m in Sources */ = {isa = PBXBuildFile; fileRef = E8500CAC18DB64BB005720CF /* LCDDistrictsTableViewController.m */; };
		E8500CB018DBA4F1005720CF /* LCDVisit.m in Sources */ = {isa = PBXBuildFile; fileRef = E8500CAF18DBA4F1005720CF /* LCDVisit.m */; };
		E8500CB318DBA511005720CF /* LCDTeacher.m in Sources */ = {isa = PBXBuildFile; fileRef = E8500CB218DBA511005720CF /* LCDTeacher.m */; };
		E8500CB618DBA522005720CF /* LCDAssignment.m in Sources */ = {isa = PBXBuildFile; fileRef = E8500CB518DBA522005720CF /* LCDAssignment.m */; };
		E8500CB918DBA52F005720CF /* LCDCompanionship.m in Sources */ = {isa = PBXBuildFile; fileRef = E8500CB818DBA52F005720CF /* LCDCompanionship.m */; };
		E8500CBC18DBA54B005720CF /* LCDDistrict.m in Sources */ = {isa = PBXBuildFile; fileRef = E8500CBB18DBA54B005720CF /* LCDDistrict.m */; };
		E8500CBF18DBA552005720CF /* LCDAuxiliary.m in Sources */ = {isa = PBXBuildFile; fileRef = E8500CBE18DBA552005720CF /* LCDAuxiliary.m */; };
		E8500CC918E23D4B005720CF /* LCDAssignDistrictTableViewController.m in Sources */ = {isa = PBXBuildFile; fileRef = E8500CC818E23D4B005720CF /* LCDAssignDistrictTableViewController.m */; };
		E88F154918BD395A00E100CD /* Foundation.framework in Frameworks */ = {isa = PBXBuildFile; fileRef = E88F154818BD395A00E100CD /* Foundation.framework */; };
		E88F154B18BD395A00E100CD /* CoreGraphics.framework in Frameworks */ = {isa = PBXBuildFile; fileRef = E88F154A18BD395A00E100CD /* CoreGraphics.framework */; };
		E88F154D18BD395A00E100CD /* UIKit.framework in Frameworks */ = {isa = PBXBuildFile; fileRef = E88F154C18BD395A00E100CD /* UIKit.framework */; };
		E88F155318BD395A00E100CD /* InfoPlist.strings in Resources */ = {isa = PBXBuildFile; fileRef = E88F155118BD395A00E100CD /* InfoPlist.strings */; };
		E88F155518BD395A00E100CD /* main.m in Sources */ = {isa = PBXBuildFile; fileRef = E88F155418BD395A00E100CD /* main.m */; };
		E88F155C18BD395A00E100CD /* Main.storyboard in Resources */ = {isa = PBXBuildFile; fileRef = E88F155A18BD395A00E100CD /* Main.storyboard */; };
		E88F156118BD395A00E100CD /* Images.xcassets in Resources */ = {isa = PBXBuildFile; fileRef = E88F156018BD395A00E100CD /* Images.xcassets */; };
		E88F156818BD395A00E100CD /* XCTest.framework in Frameworks */ = {isa = PBXBuildFile; fileRef = E88F156718BD395A00E100CD /* XCTest.framework */; };
		E88F156918BD395A00E100CD /* Foundation.framework in Frameworks */ = {isa = PBXBuildFile; fileRef = E88F154818BD395A00E100CD /* Foundation.framework */; };
		E88F156A18BD395A00E100CD /* UIKit.framework in Frameworks */ = {isa = PBXBuildFile; fileRef = E88F154C18BD395A00E100CD /* UIKit.framework */; };
		E88F157218BD395A00E100CD /* InfoPlist.strings in Resources */ = {isa = PBXBuildFile; fileRef = E88F157018BD395A00E100CD /* InfoPlist.strings */; };
		E88F157418BD395A00E100CD /* HTVTTests.m in Sources */ = {isa = PBXBuildFile; fileRef = E88F157318BD395A00E100CD /* HTVTTests.m */; };
		E88F157F18BD421D00E100CD /* LCDMember.m in Sources */ = {isa = PBXBuildFile; fileRef = E88F157E18BD421D00E100CD /* LCDMember.m */; };
		E88F158218BD44C300E100CD /* LCDFamily.m in Sources */ = {isa = PBXBuildFile; fileRef = E88F158118BD44C300E100CD /* LCDFamily.m */; };
		E88F158C18BE637F00E100CD /* LCDConfig.m in Sources */ = {isa = PBXBuildFile; fileRef = E88F158B18BE637F00E100CD /* LCDConfig.m */; };
		E88F158F18BE65E300E100CD /* LCDConstants.m in Sources */ = {isa = PBXBuildFile; fileRef = E88F158E18BE65E300E100CD /* LCDConstants.m */; };
		E8E2C75B18E342F800E62C47 /* LCDMemberService.m in Sources */ = {isa = PBXBuildFile; fileRef = E8E2C75A18E342F800E62C47 /* LCDMemberService.m */; };
		E8E2C75E18E6148300E62C47 /* LCDCompanionshipMember.m in Sources */ = {isa = PBXBuildFile; fileRef = E8E2C75D18E6148300E62C47 /* LCDCompanionshipMember.m */; };
/* End PBXBuildFile section */

/* Begin PBXContainerItemProxy section */
		E88F156B18BD395A00E100CD /* PBXContainerItemProxy */ = {
			isa = PBXContainerItemProxy;
			containerPortal = E88F153D18BD395A00E100CD /* Project object */;
			proxyType = 1;
			remoteGlobalIDString = E88F154418BD395A00E100CD;
			remoteInfo = HTVT;
		};
/* End PBXContainerItemProxy section */

/* Begin PBXFileReference section */
		E82686F118D1127D00971BC1 /* LCDIndividualsTableViewController.h */ = {isa = PBXFileReference; fileEncoding = 4; lastKnownFileType = sourcecode.c.h; path = LCDIndividualsTableViewController.h; sourceTree = "<group>"; };
		E82686F218D1127D00971BC1 /* LCDIndividualsTableViewController.m */ = {isa = PBXFileReference; fileEncoding = 4; lastKnownFileType = sourcecode.c.objc; path = LCDIndividualsTableViewController.m; sourceTree = "<group>"; };
		E82936E718CF9C1500A059A8 /* LCDHtvtCommunicator.h */ = {isa = PBXFileReference; fileEncoding = 4; lastKnownFileType = sourcecode.c.h; path = LCDHtvtCommunicator.h; sourceTree = "<group>"; };
		E82936E818CF9C1500A059A8 /* LCDHtvtCommunicator.m */ = {isa = PBXFileReference; fileEncoding = 4; lastKnownFileType = sourcecode.c.objc; path = LCDHtvtCommunicator.m; sourceTree = "<group>"; };
		E82936E918CF9C1500A059A8 /* LCDHtvtDataBuilder.h */ = {isa = PBXFileReference; fileEncoding = 4; lastKnownFileType = sourcecode.c.h; path = LCDHtvtDataBuilder.h; sourceTree = "<group>"; };
		E82936EA18CF9C1500A059A8 /* LCDHtvtDataBuilder.m */ = {isa = PBXFileReference; fileEncoding = 4; lastKnownFileType = sourcecode.c.objc; path = LCDHtvtDataBuilder.m; sourceTree = "<group>"; };
		E82936EB18CF9C1500A059A8 /* LCDHtvtDataManager.h */ = {isa = PBXFileReference; fileEncoding = 4; lastKnownFileType = sourcecode.c.h; path = LCDHtvtDataManager.h; sourceTree = "<group>"; };
		E82936EC18CF9C1500A059A8 /* LCDHtvtDataManager.m */ = {isa = PBXFileReference; fileEncoding = 4; lastKnownFileType = sourcecode.c.objc; path = LCDHtvtDataManager.m; sourceTree = "<group>"; };
		E82936F118CF9D0C00A059A8 /* LCDViewController.h */ = {isa = PBXFileReference; fileEncoding = 4; lastKnownFileType = sourcecode.c.h; path = LCDViewController.h; sourceTree = "<group>"; };
		E82936F218CF9D0C00A059A8 /* LCDViewController.m */ = {isa = PBXFileReference; fileEncoding = 4; lastKnownFileType = sourcecode.c.objc; path = LCDViewController.m; sourceTree = "<group>"; };
		E82936F518CF9D1900A059A8 /* LCDAppDelegate.h */ = {isa = PBXFileReference; fileEncoding = 4; lastKnownFileType = sourcecode.c.h; path = LCDAppDelegate.h; sourceTree = "<group>"; };
		E82936F618CF9D1900A059A8 /* LCDAppDelegate.m */ = {isa = PBXFileReference; fileEncoding = 4; lastKnownFileType = sourcecode.c.objc; path = LCDAppDelegate.m; sourceTree = "<group>"; };
		E8500CA518D21FD9005720CF /* LCDIndividualTableViewCell.h */ = {isa = PBXFileReference; fileEncoding = 4; lastKnownFileType = sourcecode.c.h; path = LCDIndividualTableViewCell.h; sourceTree = "<group>"; };
		E8500CA618D21FD9005720CF /* LCDIndividualTableViewCell.m */ = {isa = PBXFileReference; fileEncoding = 4; lastKnownFileType = sourcecode.c.objc; path = LCDIndividualTableViewCell.m; sourceTree = "<group>"; };
		E8500CA818D7983B005720CF /* LCDIndividualViewController.h */ = {isa = PBXFileReference; fileEncoding = 4; lastKnownFileType = sourcecode.c.h; path = LCDIndividualViewController.h; sourceTree = "<group>"; };
		E8500CA918D7983B005720CF /* LCDIndividualViewController.m */ = {isa = PBXFileReference; fileEncoding = 4; lastKnownFileType = sourcecode.c.objc; path = LCDIndividualViewController.m; sourceTree = "<group>"; };
		E8500CAB18DB64BB005720CF /* LCDDistrictsTableViewController.h */ = {isa = PBXFileReference; fileEncoding = 4; lastKnownFileType = sourcecode.c.h; path = LCDDistrictsTableViewController.h; sourceTree = "<group>"; };
		E8500CAC18DB64BB005720CF /* LCDDistrictsTableViewController.m */ = {isa = PBXFileReference; fileEncoding = 4; lastKnownFileType = sourcecode.c.objc; path = LCDDistrictsTableViewController.m; sourceTree = "<group>"; };
		E8500CAE18DBA4F1005720CF /* LCDVisit.h */ = {isa = PBXFileReference; fileEncoding = 4; lastKnownFileType = sourcecode.c.h; path = LCDVisit.h; sourceTree = "<group>"; };
		E8500CAF18DBA4F1005720CF /* LCDVisit.m */ = {isa = PBXFileReference; fileEncoding = 4; lastKnownFileType = sourcecode.c.objc; path = LCDVisit.m; sourceTree = "<group>"; };
		E8500CB118DBA511005720CF /* LCDTeacher.h */ = {isa = PBXFileReference; fileEncoding = 4; lastKnownFileType = sourcecode.c.h; path = LCDTeacher.h; sourceTree = "<group>"; };
		E8500CB218DBA511005720CF /* LCDTeacher.m */ = {isa = PBXFileReference; fileEncoding = 4; lastKnownFileType = sourcecode.c.objc; path = LCDTeacher.m; sourceTree = "<group>"; };
		E8500CB418DBA522005720CF /* LCDAssignment.h */ = {isa = PBXFileReference; fileEncoding = 4; lastKnownFileType = sourcecode.c.h; path = LCDAssignment.h; sourceTree = "<group>"; };
		E8500CB518DBA522005720CF /* LCDAssignment.m */ = {isa = PBXFileReference; fileEncoding = 4; lastKnownFileType = sourcecode.c.objc; path = LCDAssignment.m; sourceTree = "<group>"; };
		E8500CB718DBA52F005720CF /* LCDCompanionship.h */ = {isa = PBXFileReference; fileEncoding = 4; lastKnownFileType = sourcecode.c.h; path = LCDCompanionship.h; sourceTree = "<group>"; };
		E8500CB818DBA52F005720CF /* LCDCompanionship.m */ = {isa = PBXFileReference; fileEncoding = 4; lastKnownFileType = sourcecode.c.objc; path = LCDCompanionship.m; sourceTree = "<group>"; };
		E8500CBA18DBA54B005720CF /* LCDDistrict.h */ = {isa = PBXFileReference; fileEncoding = 4; lastKnownFileType = sourcecode.c.h; path = LCDDistrict.h; sourceTree = "<group>"; };
		E8500CBB18DBA54B005720CF /* LCDDistrict.m */ = {isa = PBXFileReference; fileEncoding = 4; lastKnownFileType = sourcecode.c.objc; path = LCDDistrict.m; sourceTree = "<group>"; };
		E8500CBD18DBA552005720CF /* LCDAuxiliary.h */ = {isa = PBXFileReference; fileEncoding = 4; lastKnownFileType = sourcecode.c.h; path = LCDAuxiliary.h; sourceTree = "<group>"; };
		E8500CBE18DBA552005720CF /* LCDAuxiliary.m */ = {isa = PBXFileReference; fileEncoding = 4; lastKnownFileType = sourcecode.c.objc; path = LCDAuxiliary.m; sourceTree = "<group>"; };
		E8500CC718E23D4B005720CF /* LCDAssignDistrictTableViewController.h */ = {isa = PBXFileReference; fileEncoding = 4; lastKnownFileType = sourcecode.c.h; path = LCDAssignDistrictTableViewController.h; sourceTree = "<group>"; };
		E8500CC818E23D4B005720CF /* LCDAssignDistrictTableViewController.m */ = {isa = PBXFileReference; fileEncoding = 4; lastKnownFileType = sourcecode.c.objc; path = LCDAssignDistrictTableViewController.m; sourceTree = "<group>"; };
		E88F154518BD395A00E100CD /* HTVT.app */ = {isa = PBXFileReference; explicitFileType = wrapper.application; includeInIndex = 0; path = HTVT.app; sourceTree = BUILT_PRODUCTS_DIR; };
		E88F154818BD395A00E100CD /* Foundation.framework */ = {isa = PBXFileReference; lastKnownFileType = wrapper.framework; name = Foundation.framework; path = System/Library/Frameworks/Foundation.framework; sourceTree = SDKROOT; };
		E88F154A18BD395A00E100CD /* CoreGraphics.framework */ = {isa = PBXFileReference; lastKnownFileType = wrapper.framework; name = CoreGraphics.framework; path = System/Library/Frameworks/CoreGraphics.framework; sourceTree = SDKROOT; };
		E88F154C18BD395A00E100CD /* UIKit.framework */ = {isa = PBXFileReference; lastKnownFileType = wrapper.framework; name = UIKit.framework; path = System/Library/Frameworks/UIKit.framework; sourceTree = SDKROOT; };
		E88F155018BD395A00E100CD /* HTVT-Info.plist */ = {isa = PBXFileReference; lastKnownFileType = text.plist.xml; path = "HTVT-Info.plist"; sourceTree = "<group>"; };
		E88F155218BD395A00E100CD /* en */ = {isa = PBXFileReference; lastKnownFileType = text.plist.strings; name = en; path = en.lproj/InfoPlist.strings; sourceTree = "<group>"; };
		E88F155418BD395A00E100CD /* main.m */ = {isa = PBXFileReference; lastKnownFileType = sourcecode.c.objc; path = main.m; sourceTree = "<group>"; };
		E88F155618BD395A00E100CD /* HTVT-Prefix.pch */ = {isa = PBXFileReference; lastKnownFileType = sourcecode.c.h; path = "HTVT-Prefix.pch"; sourceTree = "<group>"; };
		E88F155B18BD395A00E100CD /* Base */ = {isa = PBXFileReference; lastKnownFileType = file.storyboard; name = Base; path = Base.lproj/Main.storyboard; sourceTree = "<group>"; };
		E88F156018BD395A00E100CD /* Images.xcassets */ = {isa = PBXFileReference; lastKnownFileType = folder.assetcatalog; path = Images.xcassets; sourceTree = "<group>"; };
		E88F156618BD395A00E100CD /* HTVTTests.xctest */ = {isa = PBXFileReference; explicitFileType = wrapper.cfbundle; includeInIndex = 0; path = HTVTTests.xctest; sourceTree = BUILT_PRODUCTS_DIR; };
		E88F156718BD395A00E100CD /* XCTest.framework */ = {isa = PBXFileReference; lastKnownFileType = wrapper.framework; name = XCTest.framework; path = Library/Frameworks/XCTest.framework; sourceTree = DEVELOPER_DIR; };
		E88F156F18BD395A00E100CD /* HTVTTests-Info.plist */ = {isa = PBXFileReference; lastKnownFileType = text.plist.xml; path = "HTVTTests-Info.plist"; sourceTree = "<group>"; };
		E88F157118BD395A00E100CD /* en */ = {isa = PBXFileReference; lastKnownFileType = text.plist.strings; name = en; path = en.lproj/InfoPlist.strings; sourceTree = "<group>"; };
		E88F157318BD395A00E100CD /* HTVTTests.m */ = {isa = PBXFileReference; lastKnownFileType = sourcecode.c.objc; path = HTVTTests.m; sourceTree = "<group>"; };
		E88F157D18BD421D00E100CD /* LCDMember.h */ = {isa = PBXFileReference; fileEncoding = 4; lastKnownFileType = sourcecode.c.h; path = LCDMember.h; sourceTree = "<group>"; };
		E88F157E18BD421D00E100CD /* LCDMember.m */ = {isa = PBXFileReference; fileEncoding = 4; lastKnownFileType = sourcecode.c.objc; path = LCDMember.m; sourceTree = "<group>"; };
		E88F158018BD44C300E100CD /* LCDFamily.h */ = {isa = PBXFileReference; fileEncoding = 4; lastKnownFileType = sourcecode.c.h; path = LCDFamily.h; sourceTree = "<group>"; };
		E88F158118BD44C300E100CD /* LCDFamily.m */ = {isa = PBXFileReference; fileEncoding = 4; lastKnownFileType = sourcecode.c.objc; path = LCDFamily.m; sourceTree = "<group>"; };
		E88F158A18BE637F00E100CD /* LCDConfig.h */ = {isa = PBXFileReference; fileEncoding = 4; lastKnownFileType = sourcecode.c.h; path = LCDConfig.h; sourceTree = "<group>"; };
		E88F158B18BE637F00E100CD /* LCDConfig.m */ = {isa = PBXFileReference; fileEncoding = 4; lastKnownFileType = sourcecode.c.objc; path = LCDConfig.m; sourceTree = "<group>"; };
		E88F158D18BE65E300E100CD /* LCDConstants.h */ = {isa = PBXFileReference; fileEncoding = 4; lastKnownFileType = sourcecode.c.h; path = LCDConstants.h; sourceTree = "<group>"; };
		E88F158E18BE65E300E100CD /* LCDConstants.m */ = {isa = PBXFileReference; fileEncoding = 4; lastKnownFileType = sourcecode.c.objc; path = LCDConstants.m; sourceTree = "<group>"; };
		E8E2C75918E342F800E62C47 /* LCDMemberService.h */ = {isa = PBXFileReference; fileEncoding = 4; lastKnownFileType = sourcecode.c.h; path = LCDMemberService.h; sourceTree = "<group>"; };
		E8E2C75A18E342F800E62C47 /* LCDMemberService.m */ = {isa = PBXFileReference; fileEncoding = 4; lastKnownFileType = sourcecode.c.objc; path = LCDMemberService.m; sourceTree = "<group>"; };
		E8E2C75C18E6148300E62C47 /* LCDCompanionshipMember.h */ = {isa = PBXFileReference; fileEncoding = 4; lastKnownFileType = sourcecode.c.h; path = LCDCompanionshipMember.h; sourceTree = "<group>"; };
		E8E2C75D18E6148300E62C47 /* LCDCompanionshipMember.m */ = {isa = PBXFileReference; fileEncoding = 4; lastKnownFileType = sourcecode.c.objc; path = LCDCompanionshipMember.m; sourceTree = "<group>"; };
/* End PBXFileReference section */

/* Begin PBXFrameworksBuildPhase section */
		E88F154218BD395A00E100CD /* Frameworks */ = {
			isa = PBXFrameworksBuildPhase;
			buildActionMask = 2147483647;
			files = (
				E88F154B18BD395A00E100CD /* CoreGraphics.framework in Frameworks */,
				E88F154D18BD395A00E100CD /* UIKit.framework in Frameworks */,
				E88F154918BD395A00E100CD /* Foundation.framework in Frameworks */,
			);
			runOnlyForDeploymentPostprocessing = 0;
		};
		E88F156318BD395A00E100CD /* Frameworks */ = {
			isa = PBXFrameworksBuildPhase;
			buildActionMask = 2147483647;
			files = (
				E88F156818BD395A00E100CD /* XCTest.framework in Frameworks */,
				E88F156A18BD395A00E100CD /* UIKit.framework in Frameworks */,
				E88F156918BD395A00E100CD /* Foundation.framework in Frameworks */,
			);
			runOnlyForDeploymentPostprocessing = 0;
		};
/* End PBXFrameworksBuildPhase section */

/* Begin PBXGroup section */
		E82936DA18CF681C00A059A8 /* Models */ = {
			isa = PBXGroup;
			children = (
				E82936E618CF9C1500A059A8 /* network */,
				E88F157D18BD421D00E100CD /* LCDMember.h */,
				E88F157E18BD421D00E100CD /* LCDMember.m */,
				E88F158018BD44C300E100CD /* LCDFamily.h */,
				E88F158118BD44C300E100CD /* LCDFamily.m */,
				E88F158A18BE637F00E100CD /* LCDConfig.h */,
				E88F158B18BE637F00E100CD /* LCDConfig.m */,
				E8500CAE18DBA4F1005720CF /* LCDVisit.h */,
				E8500CAF18DBA4F1005720CF /* LCDVisit.m */,
				E8500CB118DBA511005720CF /* LCDTeacher.h */,
				E8500CB218DBA511005720CF /* LCDTeacher.m */,
				E8500CB418DBA522005720CF /* LCDAssignment.h */,
				E8500CB518DBA522005720CF /* LCDAssignment.m */,
				E8500CB718DBA52F005720CF /* LCDCompanionship.h */,
				E8500CB818DBA52F005720CF /* LCDCompanionship.m */,
				E8500CBA18DBA54B005720CF /* LCDDistrict.h */,
				E8500CBB18DBA54B005720CF /* LCDDistrict.m */,
				E8500CBD18DBA552005720CF /* LCDAuxiliary.h */,
				E8500CBE18DBA552005720CF /* LCDAuxiliary.m */,
				E8E2C75918E342F800E62C47 /* LCDMemberService.h */,
				E8E2C75A18E342F800E62C47 /* LCDMemberService.m */,
				E8E2C75C18E6148300E62C47 /* LCDCompanionshipMember.h */,
				E8E2C75D18E6148300E62C47 /* LCDCompanionshipMember.m */,
			);
			name = Models;
			path = /Users/matts/proj/ios/HTVT/HTVT/models;
			sourceTree = "<absolute>";
		};
		E82936E618CF9C1500A059A8 /* network */ = {
			isa = PBXGroup;
			children = (
				E82936E718CF9C1500A059A8 /* LCDHtvtCommunicator.h */,
				E82936E818CF9C1500A059A8 /* LCDHtvtCommunicator.m */,
				E82936E918CF9C1500A059A8 /* LCDHtvtDataBuilder.h */,
				E82936EA18CF9C1500A059A8 /* LCDHtvtDataBuilder.m */,
				E82936EB18CF9C1500A059A8 /* LCDHtvtDataManager.h */,
				E82936EC18CF9C1500A059A8 /* LCDHtvtDataManager.m */,
			);
			path = network;
			sourceTree = "<group>";
		};
		E82936F018CF9D0C00A059A8 /* controllers */ = {
			isa = PBXGroup;
			children = (
				E82936F118CF9D0C00A059A8 /* LCDViewController.h */,
				E82936F218CF9D0C00A059A8 /* LCDViewController.m */,
				E82686F118D1127D00971BC1 /* LCDIndividualsTableViewController.h */,
				E82686F218D1127D00971BC1 /* LCDIndividualsTableViewController.m */,
				E8500CAB18DB64BB005720CF /* LCDDistrictsTableViewController.h */,
				E8500CAC18DB64BB005720CF /* LCDDistrictsTableViewController.m */,
				E8500CA518D21FD9005720CF /* LCDIndividualTableViewCell.h */,
				E8500CA618D21FD9005720CF /* LCDIndividualTableViewCell.m */,
				E8500CA818D7983B005720CF /* LCDIndividualViewController.h */,
				E8500CA918D7983B005720CF /* LCDIndividualViewController.m */,
				E8500CC718E23D4B005720CF /* LCDAssignDistrictTableViewController.h */,
				E8500CC818E23D4B005720CF /* LCDAssignDistrictTableViewController.m */,
			);
			path = controllers;
			sourceTree = "<group>";
		};
		E82936F418CF9D1900A059A8 /* appDelegate */ = {
			isa = PBXGroup;
			children = (
				E82936F518CF9D1900A059A8 /* LCDAppDelegate.h */,
				E82936F618CF9D1900A059A8 /* LCDAppDelegate.m */,
			);
			path = appDelegate;
			sourceTree = "<group>";
		};
		E88F153C18BD395A00E100CD = {
			isa = PBXGroup;
			children = (
				E88F154E18BD395A00E100CD /* HTVT */,
				E88F156D18BD395A00E100CD /* HTVTTests */,
				E88F154718BD395A00E100CD /* Frameworks */,
				E88F154618BD395A00E100CD /* Products */,
			);
			sourceTree = "<group>";
		};
		E88F154618BD395A00E100CD /* Products */ = {
			isa = PBXGroup;
			children = (
				E88F154518BD395A00E100CD /* HTVT.app */,
				E88F156618BD395A00E100CD /* HTVTTests.xctest */,
			);
			name = Products;
			sourceTree = "<group>";
		};
		E88F154718BD395A00E100CD /* Frameworks */ = {
			isa = PBXGroup;
			children = (
				E88F154818BD395A00E100CD /* Foundation.framework */,
				E88F154A18BD395A00E100CD /* CoreGraphics.framework */,
				E88F154C18BD395A00E100CD /* UIKit.framework */,
				E88F156718BD395A00E100CD /* XCTest.framework */,
			);
			name = Frameworks;
			sourceTree = "<group>";
		};
		E88F154E18BD395A00E100CD /* HTVT */ = {
			isa = PBXGroup;
			children = (
				E82936F418CF9D1900A059A8 /* appDelegate */,
				E82936F018CF9D0C00A059A8 /* controllers */,
				E88F155A18BD395A00E100CD /* Main.storyboard */,
				E88F156018BD395A00E100CD /* Images.xcassets */,
				E88F154F18BD395A00E100CD /* Supporting Files */,
				E82936DA18CF681C00A059A8 /* Models */,
				E88F158D18BE65E300E100CD /* LCDConstants.h */,
				E88F158E18BE65E300E100CD /* LCDConstants.m */,
			);
			path = HTVT;
			sourceTree = "<group>";
		};
		E88F154F18BD395A00E100CD /* Supporting Files */ = {
			isa = PBXGroup;
			children = (
				E88F155018BD395A00E100CD /* HTVT-Info.plist */,
				E88F155118BD395A00E100CD /* InfoPlist.strings */,
				E88F155418BD395A00E100CD /* main.m */,
				E88F155618BD395A00E100CD /* HTVT-Prefix.pch */,
			);
			name = "Supporting Files";
			sourceTree = "<group>";
		};
		E88F156D18BD395A00E100CD /* HTVTTests */ = {
			isa = PBXGroup;
			children = (
				E88F157318BD395A00E100CD /* HTVTTests.m */,
				E88F156E18BD395A00E100CD /* Supporting Files */,
			);
			path = HTVTTests;
			sourceTree = "<group>";
		};
		E88F156E18BD395A00E100CD /* Supporting Files */ = {
			isa = PBXGroup;
			children = (
				E88F156F18BD395A00E100CD /* HTVTTests-Info.plist */,
				E88F157018BD395A00E100CD /* InfoPlist.strings */,
			);
			name = "Supporting Files";
			sourceTree = "<group>";
		};
/* End PBXGroup section */

/* Begin PBXNativeTarget section */
		E88F154418BD395A00E100CD /* HTVT */ = {
			isa = PBXNativeTarget;
			buildConfigurationList = E88F157718BD395A00E100CD /* Build configuration list for PBXNativeTarget "HTVT" */;
			buildPhases = (
				E88F154118BD395A00E100CD /* Sources */,
				E88F154218BD395A00E100CD /* Frameworks */,
				E88F154318BD395A00E100CD /* Resources */,
			);
			buildRules = (
			);
			dependencies = (
			);
			name = HTVT;
			productName = HTVT;
			productReference = E88F154518BD395A00E100CD /* HTVT.app */;
			productType = "com.apple.product-type.application";
		};
		E88F156518BD395A00E100CD /* HTVTTests */ = {
			isa = PBXNativeTarget;
			buildConfigurationList = E88F157A18BD395A00E100CD /* Build configuration list for PBXNativeTarget "HTVTTests" */;
			buildPhases = (
				E88F156218BD395A00E100CD /* Sources */,
				E88F156318BD395A00E100CD /* Frameworks */,
				E88F156418BD395A00E100CD /* Resources */,
			);
			buildRules = (
			);
			dependencies = (
				E88F156C18BD395A00E100CD /* PBXTargetDependency */,
			);
			name = HTVTTests;
			productName = HTVTTests;
			productReference = E88F156618BD395A00E100CD /* HTVTTests.xctest */;
			productType = "com.apple.product-type.bundle.unit-test";
		};
/* End PBXNativeTarget section */

/* Begin PBXProject section */
		E88F153D18BD395A00E100CD /* Project object */ = {
			isa = PBXProject;
			attributes = {
				CLASSPREFIX = LCD;
				LastUpgradeCheck = 0510;
				ORGANIZATIONNAME = "LDS Community Developers";
				TargetAttributes = {
					E88F156518BD395A00E100CD = {
						TestTargetID = E88F154418BD395A00E100CD;
					};
				};
			};
			buildConfigurationList = E88F154018BD395A00E100CD /* Build configuration list for PBXProject "HTVT" */;
			compatibilityVersion = "Xcode 3.2";
			developmentRegion = English;
			hasScannedForEncodings = 0;
			knownRegions = (
				en,
				Base,
			);
			mainGroup = E88F153C18BD395A00E100CD;
			productRefGroup = E88F154618BD395A00E100CD /* Products */;
			projectDirPath = "";
			projectRoot = "";
			targets = (
				E88F154418BD395A00E100CD /* HTVT */,
				E88F156518BD395A00E100CD /* HTVTTests */,
			);
		};
/* End PBXProject section */

/* Begin PBXResourcesBuildPhase section */
		E88F154318BD395A00E100CD /* Resources */ = {
			isa = PBXResourcesBuildPhase;
			buildActionMask = 2147483647;
			files = (
				E88F156118BD395A00E100CD /* Images.xcassets in Resources */,
				E88F155318BD395A00E100CD /* InfoPlist.strings in Resources */,
				E88F155C18BD395A00E100CD /* Main.storyboard in Resources */,
			);
			runOnlyForDeploymentPostprocessing = 0;
		};
		E88F156418BD395A00E100CD /* Resources */ = {
			isa = PBXResourcesBuildPhase;
			buildActionMask = 2147483647;
			files = (
				E88F157218BD395A00E100CD /* InfoPlist.strings in Resources */,
			);
			runOnlyForDeploymentPostprocessing = 0;
		};
/* End PBXResourcesBuildPhase section */

/* Begin PBXSourcesBuildPhase section */
		E88F154118BD395A00E100CD /* Sources */ = {
			isa = PBXSourcesBuildPhase;
			buildActionMask = 2147483647;
			files = (
				E88F155518BD395A00E100CD /* main.m in Sources */,
				E82936EF18CF9C1500A059A8 /* LCDHtvtDataManager.m in Sources */,
				E8500CA718D21FD9005720CF /* LCDIndividualTableViewCell.m in Sources */,
				E8500CB018DBA4F1005720CF /* LCDVisit.m in Sources */,
				E82686F318D1127D00971BC1 /* LCDIndividualsTableViewController.m in Sources */,
				E8E2C75B18E342F800E62C47 /* LCDMemberService.m in Sources */,
				E82936ED18CF9C1500A059A8 /* LCDHtvtCommunicator.m in Sources */,
				E8500CB318DBA511005720CF /* LCDTeacher.m in Sources */,
				E8500CBC18DBA54B005720CF /* LCDDistrict.m in Sources */,
				E8500CBF18DBA552005720CF /* LCDAuxiliary.m in Sources */,
				E88F158218BD44C300E100CD /* LCDFamily.m in Sources */,
				E8500CAA18D7983B005720CF /* LCDIndividualViewController.m in Sources */,
				E82936F718CF9D1900A059A8 /* LCDAppDelegate.m in Sources */,
				E88F158F18BE65E300E100CD /* LCDConstants.m in Sources */,
				E88F157F18BD421D00E100CD /* LCDMember.m in Sources */,
				E82936EE18CF9C1500A059A8 /* LCDHtvtDataBuilder.m in Sources */,
				E82936F318CF9D0C00A059A8 /* LCDViewController.m in Sources */,
				E8500CB918DBA52F005720CF /* LCDCompanionship.m in Sources */,
				E8500CB618DBA522005720CF /* LCDAssignment.m in Sources */,
				E8500CC918E23D4B005720CF /* LCDAssignDistrictTableViewController.m in Sources */,
				E88F158C18BE637F00E100CD /* LCDConfig.m in Sources */,
				E8E2C75E18E6148300E62C47 /* LCDCompanionshipMember.m in Sources */,
				E8500CAD18DB64BB005720CF /* LCDDistrictsTableViewController.m in Sources */,
			);
			runOnlyForDeploymentPostprocessing = 0;
		};
		E88F156218BD395A00E100CD /* Sources */ = {
			isa = PBXSourcesBuildPhase;
			buildActionMask = 2147483647;
			files = (
				E88F157418BD395A00E100CD /* HTVTTests.m in Sources */,
			);
			runOnlyForDeploymentPostprocessing = 0;
		};
/* End PBXSourcesBuildPhase section */

/* Begin PBXTargetDependency section */
		E88F156C18BD395A00E100CD /* PBXTargetDependency */ = {
			isa = PBXTargetDependency;
			target = E88F154418BD395A00E100CD /* HTVT */;
			targetProxy = E88F156B18BD395A00E100CD /* PBXContainerItemProxy */;
		};
/* End PBXTargetDependency section */

/* Begin PBXVariantGroup section */
		E88F155118BD395A00E100CD /* InfoPlist.strings */ = {
			isa = PBXVariantGroup;
			children = (
				E88F155218BD395A00E100CD /* en */,
			);
			name = InfoPlist.strings;
			sourceTree = "<group>";
		};
		E88F155A18BD395A00E100CD /* Main.storyboard */ = {
			isa = PBXVariantGroup;
			children = (
				E88F155B18BD395A00E100CD /* Base */,
			);
			name = Main.storyboard;
			sourceTree = "<group>";
		};
		E88F157018BD395A00E100CD /* InfoPlist.strings */ = {
			isa = PBXVariantGroup;
			children = (
				E88F157118BD395A00E100CD /* en */,
			);
			name = InfoPlist.strings;
			sourceTree = "<group>";
		};
/* End PBXVariantGroup section */

/* Begin XCBuildConfiguration section */
		E88F157518BD395A00E100CD /* Debug */ = {
			isa = XCBuildConfiguration;
			buildSettings = {
				ALWAYS_SEARCH_USER_PATHS = NO;
				CLANG_CXX_LANGUAGE_STANDARD = "gnu++0x";
				CLANG_CXX_LIBRARY = "libc++";
				CLANG_ENABLE_MODULES = YES;
				CLANG_ENABLE_OBJC_ARC = YES;
				CLANG_WARN_BOOL_CONVERSION = YES;
				CLANG_WARN_CONSTANT_CONVERSION = YES;
				CLANG_WARN_DIRECT_OBJC_ISA_USAGE = YES_ERROR;
				CLANG_WARN_EMPTY_BODY = YES;
				CLANG_WARN_ENUM_CONVERSION = YES;
				CLANG_WARN_INT_CONVERSION = YES;
				CLANG_WARN_OBJC_ROOT_CLASS = YES_ERROR;
				CLANG_WARN__DUPLICATE_METHOD_MATCH = YES;
				"CODE_SIGN_IDENTITY[sdk=iphoneos*]" = "iPhone Developer";
				COPY_PHASE_STRIP = NO;
				GCC_C_LANGUAGE_STANDARD = gnu99;
				GCC_DYNAMIC_NO_PIC = NO;
				GCC_OPTIMIZATION_LEVEL = 0;
				GCC_PREPROCESSOR_DEFINITIONS = (
					"DEBUG=1",
					"$(inherited)",
				);
				GCC_SYMBOLS_PRIVATE_EXTERN = NO;
				GCC_WARN_64_TO_32_BIT_CONVERSION = YES;
				GCC_WARN_ABOUT_RETURN_TYPE = YES_ERROR;
				GCC_WARN_UNDECLARED_SELECTOR = YES;
				GCC_WARN_UNINITIALIZED_AUTOS = YES;
				GCC_WARN_UNUSED_FUNCTION = YES;
				GCC_WARN_UNUSED_VARIABLE = YES;
				IPHONEOS_DEPLOYMENT_TARGET = 7.0;
				ONLY_ACTIVE_ARCH = YES;
				SDKROOT = iphoneos;
			};
			name = Debug;
		};
		E88F157618BD395A00E100CD /* Release */ = {
			isa = XCBuildConfiguration;
			buildSettings = {
				ALWAYS_SEARCH_USER_PATHS = NO;
				CLANG_CXX_LANGUAGE_STANDARD = "gnu++0x";
				CLANG_CXX_LIBRARY = "libc++";
				CLANG_ENABLE_MODULES = YES;
				CLANG_ENABLE_OBJC_ARC = YES;
				CLANG_WARN_BOOL_CONVERSION = YES;
				CLANG_WARN_CONSTANT_CONVERSION = YES;
				CLANG_WARN_DIRECT_OBJC_ISA_USAGE = YES_ERROR;
				CLANG_WARN_EMPTY_BODY = YES;
				CLANG_WARN_ENUM_CONVERSION = YES;
				CLANG_WARN_INT_CONVERSION = YES;
				CLANG_WARN_OBJC_ROOT_CLASS = YES_ERROR;
				CLANG_WARN__DUPLICATE_METHOD_MATCH = YES;
				"CODE_SIGN_IDENTITY[sdk=iphoneos*]" = "iPhone Developer";
				COPY_PHASE_STRIP = YES;
				ENABLE_NS_ASSERTIONS = NO;
				GCC_C_LANGUAGE_STANDARD = gnu99;
				GCC_WARN_64_TO_32_BIT_CONVERSION = YES;
				GCC_WARN_ABOUT_RETURN_TYPE = YES_ERROR;
				GCC_WARN_UNDECLARED_SELECTOR = YES;
				GCC_WARN_UNINITIALIZED_AUTOS = YES;
				GCC_WARN_UNUSED_FUNCTION = YES;
				GCC_WARN_UNUSED_VARIABLE = YES;
				IPHONEOS_DEPLOYMENT_TARGET = 7.0;
				SDKROOT = iphoneos;
				VALIDATE_PRODUCT = YES;
			};
			name = Release;
		};
		E88F157818BD395A00E100CD /* Debug */ = {
			isa = XCBuildConfiguration;
			buildSettings = {
				ASSETCATALOG_COMPILER_APPICON_NAME = AppIcon;
				ASSETCATALOG_COMPILER_LAUNCHIMAGE_NAME = LaunchImage;
				GCC_PRECOMPILE_PREFIX_HEADER = YES;
				GCC_PREFIX_HEADER = "HTVT/HTVT-Prefix.pch";
				INFOPLIST_FILE = "HTVT/HTVT-Info.plist";
				PRODUCT_NAME = "$(TARGET_NAME)";
				WRAPPER_EXTENSION = app;
			};
			name = Debug;
		};
		E88F157918BD395A00E100CD /* Release */ = {
			isa = XCBuildConfiguration;
			buildSettings = {
				ASSETCATALOG_COMPILER_APPICON_NAME = AppIcon;
				ASSETCATALOG_COMPILER_LAUNCHIMAGE_NAME = LaunchImage;
				GCC_PRECOMPILE_PREFIX_HEADER = YES;
				GCC_PREFIX_HEADER = "HTVT/HTVT-Prefix.pch";
				INFOPLIST_FILE = "HTVT/HTVT-Info.plist";
				PRODUCT_NAME = "$(TARGET_NAME)";
				WRAPPER_EXTENSION = app;
			};
			name = Release;
		};
		E88F157B18BD395A00E100CD /* Debug */ = {
			isa = XCBuildConfiguration;
			buildSettings = {
				BUNDLE_LOADER = "$(BUILT_PRODUCTS_DIR)/HTVT.app/HTVT";
				FRAMEWORK_SEARCH_PATHS = (
					"$(SDKROOT)/Developer/Library/Frameworks",
					"$(inherited)",
					"$(DEVELOPER_FRAMEWORKS_DIR)",
				);
				GCC_PRECOMPILE_PREFIX_HEADER = YES;
				GCC_PREFIX_HEADER = "HTVT/HTVT-Prefix.pch";
				GCC_PREPROCESSOR_DEFINITIONS = (
					"DEBUG=1",
					"$(inherited)",
				);
				INFOPLIST_FILE = "HTVTTests/HTVTTests-Info.plist";
				PRODUCT_NAME = "$(TARGET_NAME)";
				TEST_HOST = "$(BUNDLE_LOADER)";
				WRAPPER_EXTENSION = xctest;
			};
			name = Debug;
		};
		E88F157C18BD395A00E100CD /* Release */ = {
			isa = XCBuildConfiguration;
			buildSettings = {
				BUNDLE_LOADER = "$(BUILT_PRODUCTS_DIR)/HTVT.app/HTVT";
				FRAMEWORK_SEARCH_PATHS = (
					"$(SDKROOT)/Developer/Library/Frameworks",
					"$(inherited)",
					"$(DEVELOPER_FRAMEWORKS_DIR)",
				);
				GCC_PRECOMPILE_PREFIX_HEADER = YES;
				GCC_PREFIX_HEADER = "HTVT/HTVT-Prefix.pch";
				INFOPLIST_FILE = "HTVTTests/HTVTTests-Info.plist";
				PRODUCT_NAME = "$(TARGET_NAME)";
				TEST_HOST = "$(BUNDLE_LOADER)";
				WRAPPER_EXTENSION = xctest;
			};
			name = Release;
		};
/* End XCBuildConfiguration section */

/* Begin XCConfigurationList section */
		E88F154018BD395A00E100CD /* Build configuration list for PBXProject "HTVT" */ = {
			isa = XCConfigurationList;
			buildConfigurations = (
				E88F157518BD395A00E100CD /* Debug */,
				E88F157618BD395A00E100CD /* Release */,
			);
			defaultConfigurationIsVisible = 0;
			defaultConfigurationName = Release;
		};
		E88F157718BD395A00E100CD /* Build configuration list for PBXNativeTarget "HTVT" */ = {
			isa = XCConfigurationList;
			buildConfigurations = (
				E88F157818BD395A00E100CD /* Debug */,
				E88F157918BD395A00E100CD /* Release */,
			);
			defaultConfigurationIsVisible = 0;
			defaultConfigurationName = Release;
		};
		E88F157A18BD395A00E100CD /* Build configuration list for PBXNativeTarget "HTVTTests" */ = {
			isa = XCConfigurationList;
			buildConfigurations = (
				E88F157B18BD395A00E100CD /* Debug */,
				E88F157C18BD395A00E100CD /* Release */,
			);
			defaultConfigurationIsVisible = 0;
			defaultConfigurationName = Release;
		};
/* End XCConfigurationList section */
	};
	rootObject = E88F153D18BD395A00E100CD /* Project object */;
}
